
Microsoft Visual Studio Solution File, Format Version 12.00
# Visual Studio Version 16
VisualStudioVersion = 16.0.31624.102
MinimumVisualStudioVersion = 10.0.40219.1
Project("{FAE04EC0-301F-11D3-BF4B-00C04F79EFBC}") = "ConsoleApp4", "ConsoleApp4\ConsoleApp4.csproj", "{9BBA38F9-A6D9-407D-8ABC-F845BF48828D}"
EndProject
Global
	GlobalSection(SolutionConfigurationPlatforms) = preSolution
		Debug|Any CPU = Debug|Any CPU
		Release|Any CPU = Release|Any CPU
	EndGlobalSection
	GlobalSection(ProjectConfigurationPlatforms) = postSolution
		{9BBA38F9-A6D9-407D-8ABC-F845BF48828D}.Debug|Any CPU.ActiveCfg = Debug|Any CPU
		{9BBA38F9-A6D9-407D-8ABC-F845BF48828D}.Debug|Any CPU.Build.0 = Debug|Any CPU
		{9BBA38F9-A6D9-407D-8ABC-F845BF48828D}.Release|Any CPU.ActiveCfg = Release|Any CPU
		{9BBA38F9-A6D9-407D-8ABC-F845BF48828D}.Release|Any CPU.Build.0 = Release|Any CPU
	EndGlobalSection
	GlobalSection(SolutionProperties) = preSolution
		HideSolutionNode = FALSE
	EndGlobalSection
	GlobalSection(ExtensibilityGlobals) = postSolution
		SolutionGuid = {DA71F2F6-27FA-45C5-A7AC-26BD311F234D}
	EndGlobalSection
EndGlobal
